
Microsoft Visual Studio Solution File, Format Version 12.00
# Visual Studio Version 17
VisualStudioVersion = 17.14.37012.4 d17.14
MinimumVisualStudioVersion = 10.0.40219.1
Project("{FAE04EC0-301F-11D3-BF4B-00C04F79EFBC}") = "Lab3-TIMP", "Lab3-TIMP\Lab3-TIMP.csproj", "{A404C46C-4BBD-455F-B8DF-544E2380BB20}"
EndProject
Global
	GlobalSection(SolutionConfigurationPlatforms) = preSolution
		Debug|Any CPU = Debug|Any CPU
		Release|Any CPU = Release|Any CPU
	EndGlobalSection
	GlobalSection(ProjectConfigurationPlatforms) = postSolution
		{A404C46C-4BBD-455F-B8DF-544E2380BB20}.Debug|Any CPU.ActiveCfg = Debug|Any CPU
		{A404C46C-4BBD-455F-B8DF-544E2380BB20}.Debug|Any CPU.Build.0 = Debug|Any CPU
		{A404C46C-4BBD-455F-B8DF-544E2380BB20}.Release|Any CPU.ActiveCfg = Release|Any CPU
		{A404C46C-4BBD-455F-B8DF-544E2380BB20}.Release|Any CPU.Build.0 = Release|Any CPU
	EndGlobalSection
	GlobalSection(SolutionProperties) = preSolution
		HideSolutionNode = FALSE
	EndGlobalSection
	GlobalSection(ExtensibilityGlobals) = postSolution
		SolutionGuid = {EFD3C273-3E76-4387-8E82-C5A112EE078B}
	EndGlobalSection
EndGlobal
